
Microsoft Visual Studio Solution File, Format Version 12.00
# Visual Studio Version 16
VisualStudioVersion = 16.0.30804.86
MinimumVisualStudioVersion = 10.0.40219.1
Project("{9A19103F-16F7-4668-BE54-9A1E7A4F7556}") = "DAL", "DAL\DAL.csproj", "{0E25A288-4847-4999-9C5B-58EAF6D90091}"
EndProject
Project("{FAE04EC0-301F-11D3-BF4B-00C04F79EFBC}") = "BL", "BL\BL.csproj", "{613DA3E0-9EDD-4806-B4C4-87870BAE64AF}"
EndProject
Global
	GlobalSection(SolutionConfigurationPlatforms) = preSolution
		Debug|Any CPU = Debug|Any CPU
		Release|Any CPU = Release|Any CPU
	EndGlobalSection
	GlobalSection(ProjectConfigurationPlatforms) = postSolution
		{0E25A288-4847-4999-9C5B-58EAF6D90091}.Debug|Any CPU.ActiveCfg = Debug|Any CPU
		{0E25A288-4847-4999-9C5B-58EAF6D90091}.Debug|Any CPU.Build.0 = Debug|Any CPU
		{0E25A288-4847-4999-9C5B-58EAF6D90091}.Release|Any CPU.ActiveCfg = Release|Any CPU
		{0E25A288-4847-4999-9C5B-58EAF6D90091}.Release|Any CPU.Build.0 = Release|Any CPU
		{613DA3E0-9EDD-4806-B4C4-87870BAE64AF}.Debug|Any CPU.ActiveCfg = Debug|Any CPU
		{613DA3E0-9EDD-4806-B4C4-87870BAE64AF}.Debug|Any CPU.Build.0 = Debug|Any CPU
		{613DA3E0-9EDD-4806-B4C4-87870BAE64AF}.Release|Any CPU.ActiveCfg = Release|Any CPU
		{613DA3E0-9EDD-4806-B4C4-87870BAE64AF}.Release|Any CPU.Build.0 = Release|Any CPU
	EndGlobalSection
	GlobalSection(SolutionProperties) = preSolution
		HideSolutionNode = FALSE
	EndGlobalSection
	GlobalSection(ExtensibilityGlobals) = postSolution
		SolutionGuid = {7398A56E-EA45-4204-BF6C-E2E70737BF00}
	EndGlobalSection
EndGlobal
